
Microsoft Visual Studio Solution File, Format Version 12.00
# Visual Studio 15
VisualStudioVersion = 15.0.28307.572
MinimumVisualStudioVersion = 10.0.40219.1
Project("{FAE04EC0-301F-11D3-BF4B-00C04F79EFBC}") = "SevenWest.Main", "SevenWest.Main\SevenWest.Main.csproj", "{7B70442F-38F6-4ECC-B63F-8FB048E1DB8C}"
EndProject
Project("{FAE04EC0-301F-11D3-BF4B-00C04F79EFBC}") = "SevenWest.Core", "SevenWest.Core\SevenWest.Core.csproj", "{7557C934-6192-4BDE-8B56-DA20368B0547}"
EndProject
Global
	GlobalSection(SolutionConfigurationPlatforms) = preSolution
		Debug|Any CPU = Debug|Any CPU
		Release|Any CPU = Release|Any CPU
	EndGlobalSection
	GlobalSection(ProjectConfigurationPlatforms) = postSolution
		{7B70442F-38F6-4ECC-B63F-8FB048E1DB8C}.Debug|Any CPU.ActiveCfg = Debug|Any CPU
		{7B70442F-38F6-4ECC-B63F-8FB048E1DB8C}.Debug|Any CPU.Build.0 = Debug|Any CPU
		{7B70442F-38F6-4ECC-B63F-8FB048E1DB8C}.Release|Any CPU.ActiveCfg = Release|Any CPU
		{7B70442F-38F6-4ECC-B63F-8FB048E1DB8C}.Release|Any CPU.Build.0 = Release|Any CPU
		{7557C934-6192-4BDE-8B56-DA20368B0547}.Debug|Any CPU.ActiveCfg = Debug|Any CPU
		{7557C934-6192-4BDE-8B56-DA20368B0547}.Debug|Any CPU.Build.0 = Debug|Any CPU
		{7557C934-6192-4BDE-8B56-DA20368B0547}.Release|Any CPU.ActiveCfg = Release|Any CPU
		{7557C934-6192-4BDE-8B56-DA20368B0547}.Release|Any CPU.Build.0 = Release|Any CPU
	EndGlobalSection
	GlobalSection(SolutionProperties) = preSolution
		HideSolutionNode = FALSE
	EndGlobalSection
	GlobalSection(ExtensibilityGlobals) = postSolution
		SolutionGuid = {60EF39C8-679A-43A4-9835-2DC0B192C632}
	EndGlobalSection
EndGlobal
